{
  "version": 4,
  "terraform_version": "1.9.5",
  "serial": 3,
  "lineage": "f58430b3-80a6-02fa-b7b7-dc44a7d508f7",
  "outputs": {},
  "resources": [
    {
      "module": "module.vpc",
      "mode": "managed",
      "type": "aws_internet_gateway",
      "name": "igw",
      "provider": "provider[\"registry.terraform.io/hashicorp/aws\"]",
      "instances": [
        {
          "schema_version": 0,
          "attributes": {
            "arn": "arn:aws:ec2:eu-north-1:640168428687:internet-gateway/igw-0194b4f8297c22840",
            "id": "igw-0194b4f8297c22840",
            "owner_id": "640168428687",
            "tags": {
              "Name": "apci-Jupiter-default-igw",
              "application": "Jupiter",
              "contact": "devops@apci.com",
              "creationTime": "2024-10-04T07:40:22Z",
              "environment": "default",
              "project": "apci"
            },
            "tags_all": {
              "Name": "apci-Jupiter-default-igw",
              "application": "Jupiter",
              "contact": "devops@apci.com",
              "creationTime": "2024-10-04T07:40:22Z",
              "environment": "default",
              "project": "apci"
            },
            "timeouts": null,
            "vpc_id": "vpc-0b45c890c2d9a16c7"
          },
          "sensitive_attributes": [],
          "private": "eyJlMmJmYjczMC1lY2FhLTExZTYtOGY4OC0zNDM2M2JjN2M0YzAiOnsiY3JlYXRlIjoxMjAwMDAwMDAwMDAwLCJkZWxldGUiOjEyMDAwMDAwMDAwMDAsInVwZGF0ZSI6MTIwMDAwMDAwMDAwMH19",
          "dependencies": [
            "module.vpc.aws_vpc.apci_main_vpc"
          ]
        }
      ]
    },
    {
      "module": "module.vpc",
      "mode": "managed",
      "type": "aws_vpc",
      "name": "apci_main_vpc",
      "provider": "provider[\"registry.terraform.io/hashicorp/aws\"]",
      "instances": [
        {
          "schema_version": 1,
          "attributes": {
            "arn": "arn:aws:ec2:eu-north-1:640168428687:vpc/vpc-0b45c890c2d9a16c7",
            "assign_generated_ipv6_cidr_block": false,
            "cidr_block": "10.0.0.0/16",
            "default_network_acl_id": "acl-05fdc39de5b4e7399",
            "default_route_table_id": "rtb-066d20a5eee2f150c",
            "default_security_group_id": "sg-04c5ccdf1db2cbfff",
            "dhcp_options_id": "dopt-060f93cea4895f76a",
            "enable_dns_hostnames": false,
            "enable_dns_support": true,
            "enable_network_address_usage_metrics": false,
            "id": "vpc-0b45c890c2d9a16c7",
            "instance_tenancy": "default",
            "ipv4_ipam_pool_id": null,
            "ipv4_netmask_length": null,
            "ipv6_association_id": "",
            "ipv6_cidr_block": "",
            "ipv6_cidr_block_network_border_group": "",
            "ipv6_ipam_pool_id": "",
            "ipv6_netmask_length": 0,
            "main_route_table_id": "rtb-066d20a5eee2f150c",
            "owner_id": "640168428687",
            "tags": {
              "Name": "apci-Jupiter-default-vpc",
              "application": "Jupiter",
              "contact": "devops@apci.com",
              "creationTime": "2024-10-04T07:40:22Z",
              "environment": "default",
              "project": "apci"
            },
            "tags_all": {
              "Name": "apci-Jupiter-default-vpc",
              "application": "Jupiter",
              "contact": "devops@apci.com",
              "creationTime": "2024-10-04T07:40:22Z",
              "environment": "default",
              "project": "apci"
            }
          },
          "sensitive_attributes": [],
          "private": "eyJzY2hlbWFfdmVyc2lvbiI6IjEifQ=="
        }
      ]
    }
  ],
  "check_results": null
}
